
Microsoft Visual Studio Solution File, Format Version 12.00
# Visual Studio 2013
VisualStudioVersion = 12.0.31101.0
MinimumVisualStudioVersion = 10.0.40219.1
Project("{FAE04EC0-301F-11D3-BF4B-00C04F79EFBC}") = "AzureDemo.Common", "AzureDemo.Common\AzureDemo.Common.csproj", "{F077F0EC-E430-4EAF-8B91-E21BFD925373}"
EndProject
Project("{FAE04EC0-301F-11D3-BF4B-00C04F79EFBC}") = "AzureDemo.Service", "AzureDemo.Service\AzureDemo.Service.csproj", "{ECAB70C9-E62E-4A7B-A141-17C44F11C12A}"
EndProject
Project("{FAE04EC0-301F-11D3-BF4B-00C04F79EFBC}") = "AzureDemo.Console", "AzureDemo.Console\AzureDemo.Console.csproj", "{56FB4A39-CBB0-47D1-8742-357AB8B82F13}"
EndProject
Global
	GlobalSection(SolutionConfigurationPlatforms) = preSolution
		Debug|Any CPU = Debug|Any CPU
		Release|Any CPU = Release|Any CPU
	EndGlobalSection
	GlobalSection(ProjectConfigurationPlatforms) = postSolution
		{F077F0EC-E430-4EAF-8B91-E21BFD925373}.Debug|Any CPU.ActiveCfg = Debug|Any CPU
		{F077F0EC-E430-4EAF-8B91-E21BFD925373}.Debug|Any CPU.Build.0 = Debug|Any CPU
		{F077F0EC-E430-4EAF-8B91-E21BFD925373}.Release|Any CPU.ActiveCfg = Release|Any CPU
		{F077F0EC-E430-4EAF-8B91-E21BFD925373}.Release|Any CPU.Build.0 = Release|Any CPU
		{ECAB70C9-E62E-4A7B-A141-17C44F11C12A}.Debug|Any CPU.ActiveCfg = Debug|Any CPU
		{ECAB70C9-E62E-4A7B-A141-17C44F11C12A}.Debug|Any CPU.Build.0 = Debug|Any CPU
		{ECAB70C9-E62E-4A7B-A141-17C44F11C12A}.Release|Any CPU.ActiveCfg = Release|Any CPU
		{ECAB70C9-E62E-4A7B-A141-17C44F11C12A}.Release|Any CPU.Build.0 = Release|Any CPU
		{56FB4A39-CBB0-47D1-8742-357AB8B82F13}.Debug|Any CPU.ActiveCfg = Debug|Any CPU
		{56FB4A39-CBB0-47D1-8742-357AB8B82F13}.Debug|Any CPU.Build.0 = Debug|Any CPU
		{56FB4A39-CBB0-47D1-8742-357AB8B82F13}.Release|Any CPU.ActiveCfg = Release|Any CPU
		{56FB4A39-CBB0-47D1-8742-357AB8B82F13}.Release|Any CPU.Build.0 = Release|Any CPU
	EndGlobalSection
	GlobalSection(SolutionProperties) = preSolution
		HideSolutionNode = FALSE
	EndGlobalSection
EndGlobal
